github.com/dfwcnj/govbinsort/merge v0.0.0-20240907203131-2c8ccef3ed4e h1:r1zYoI3bLYP8Ta3yM0elbvdJoPmZVvNlphVqremBNdM=
github.com/dfwcnj/govbinsort/merge v0.0.0-20240907203131-2c8ccef3ed4e/go.mod h1:DumgtEe/EY+mWEXmlXKBVbIonGWxMH8vLGPDFDemkaI=
github.com/dfwcnj/govbinsort/sorts v0.0.0-20240908020049-b223eee0a3a5 h1:jlEb/eyeLAbl5jrJkWzA+hI+kNP8s+s8NQ1MjOQO8t8=
github.com/dfwcnj/govbinsort/sorts v0.0.0-20240908020049-b223eee0a3a5/go.mod h1:jIH6zSWizMKY01TVdkKSnRnzLA9dd1BfstVKC6XZwvE=
github.com/dfwcnj/randomdata v0.0.4 h1:+48Zfh/nwD4uo92k2cH8KEm20mxwHntFdiy0V4KXzRM=
github.com/dfwcnj/randomdata v0.0.4/go.mod h1:bjv0JMDwlAcpWBfsuZH83BxASn/Y1MrDppmsyfRr9vk=
