github.com/dfwcnj/govbinsort/merge v0.0.0-20240907155459-eab53e264022 h1:yMmsStTdhB492XxT/jiix1e5FqiFw8ePJ2MTa90PeRo=
github.com/dfwcnj/govbinsort/merge v0.0.0-20240907155459-eab53e264022/go.mod h1:DumgtEe/EY+mWEXmlXKBVbIonGWxMH8vLGPDFDemkaI=
github.com/dfwcnj/randomdata v0.0.4 h1:+48Zfh/nwD4uo92k2cH8KEm20mxwHntFdiy0V4KXzRM=
github.com/dfwcnj/randomdata v0.0.4/go.mod h1:bjv0JMDwlAcpWBfsuZH83BxASn/Y1MrDppmsyfRr9vk=
