github.com/dfwcnj/govbinsort/merge v0.0.0-20240919140004-417561a58986 h1:Z1B9zyE0dmmcmgqxy8F71uC/tuywEH0Ub55jcFAdiws=
github.com/dfwcnj/govbinsort/merge v0.0.0-20240919140004-417561a58986/go.mod h1:/BM0ZemS+fJrgflrpcphhVSlFrjUYYnmkVo02YBGHvU=
github.com/dfwcnj/randomdata v0.0.4 h1:+48Zfh/nwD4uo92k2cH8KEm20mxwHntFdiy0V4KXzRM=
github.com/dfwcnj/randomdata v0.0.4/go.mod h1:bjv0JMDwlAcpWBfsuZH83BxASn/Y1MrDppmsyfRr9vk=
