github.com/dfwcnj/govbinsort/merge v0.0.0-20240908020049-b223eee0a3a5 h1:JDiJtZ5JFPQrK8pn02F62BE7MJ9JlC5BjO6IKkfICM0=
github.com/dfwcnj/govbinsort/merge v0.0.0-20240908020049-b223eee0a3a5/go.mod h1:DumgtEe/EY+mWEXmlXKBVbIonGWxMH8vLGPDFDemkaI=
github.com/dfwcnj/randomdata v0.0.4 h1:+48Zfh/nwD4uo92k2cH8KEm20mxwHntFdiy0V4KXzRM=
github.com/dfwcnj/randomdata v0.0.4/go.mod h1:bjv0JMDwlAcpWBfsuZH83BxASn/Y1MrDppmsyfRr9vk=
